
Microsoft Visual Studio Solution File, Format Version 12.00
# Visual Studio Version 16
VisualStudioVersion = 16.0.31729.503
MinimumVisualStudioVersion = 10.0.40219.1
Project("{FAE04EC0-301F-11D3-BF4B-00C04F79EFBC}") = "Desafio2_DIO", "Desafio2_DIO\Desafio2_DIO.csproj", "{97942317-466E-4DAB-9666-ACA731BFC7E4}"
EndProject
Global
	GlobalSection(SolutionConfigurationPlatforms) = preSolution
		Debug|Any CPU = Debug|Any CPU
		Release|Any CPU = Release|Any CPU
	EndGlobalSection
	GlobalSection(ProjectConfigurationPlatforms) = postSolution
		{97942317-466E-4DAB-9666-ACA731BFC7E4}.Debug|Any CPU.ActiveCfg = Debug|Any CPU
		{97942317-466E-4DAB-9666-ACA731BFC7E4}.Debug|Any CPU.Build.0 = Debug|Any CPU
		{97942317-466E-4DAB-9666-ACA731BFC7E4}.Release|Any CPU.ActiveCfg = Release|Any CPU
		{97942317-466E-4DAB-9666-ACA731BFC7E4}.Release|Any CPU.Build.0 = Release|Any CPU
	EndGlobalSection
	GlobalSection(SolutionProperties) = preSolution
		HideSolutionNode = FALSE
	EndGlobalSection
	GlobalSection(ExtensibilityGlobals) = postSolution
		SolutionGuid = {32B6C2DE-1FB2-498E-BB59-C03A79E6699A}
	EndGlobalSection
EndGlobal
